
Microsoft Visual Studio Solution File, Format Version 12.00
# Visual Studio Version 16
VisualStudioVersion = 16.0.31019.35
MinimumVisualStudioVersion = 10.0.40219.1
Project("{9A19103F-16F7-4668-BE54-9A1E7A4F7556}") = "Bank", "Bank\Bank.csproj", "{E6A4E35B-245B-407E-BE7B-62D387427E77}"
	ProjectSection(ProjectDependencies) = postProject
		{9638E847-63A4-478A-8633-9406838BA012} = {9638E847-63A4-478A-8633-9406838BA012}
		{2C7CDEA0-AEFE-4A35-AB29-EFDF54424BBE} = {2C7CDEA0-AEFE-4A35-AB29-EFDF54424BBE}
	EndProjectSection
EndProject
Project("{9A19103F-16F7-4668-BE54-9A1E7A4F7556}") = "Domain", "Domain\Domain.csproj", "{2C7CDEA0-AEFE-4A35-AB29-EFDF54424BBE}"
EndProject
Project("{9A19103F-16F7-4668-BE54-9A1E7A4F7556}") = "DataAccess", "DataAccess\DataAccess.csproj", "{DC3C062C-7536-4F98-8EF9-BB74AD87FEC5}"
	ProjectSection(ProjectDependencies) = postProject
		{2C7CDEA0-AEFE-4A35-AB29-EFDF54424BBE} = {2C7CDEA0-AEFE-4A35-AB29-EFDF54424BBE}
	EndProjectSection
EndProject
Project("{9A19103F-16F7-4668-BE54-9A1E7A4F7556}") = "Application", "Application\Application.csproj", "{9638E847-63A4-478A-8633-9406838BA012}"
EndProject
Project("{FAE04EC0-301F-11D3-BF4B-00C04F79EFBC}") = "UnitTest", "UnitTest\UnitTest.csproj", "{CA216EC3-AA93-4F7C-8450-2593C58FB4F8}"
EndProject
Global
	GlobalSection(SolutionConfigurationPlatforms) = preSolution
		Debug|Any CPU = Debug|Any CPU
		Release|Any CPU = Release|Any CPU
	EndGlobalSection
	GlobalSection(ProjectConfigurationPlatforms) = postSolution
		{E6A4E35B-245B-407E-BE7B-62D387427E77}.Debug|Any CPU.ActiveCfg = Debug|Any CPU
		{E6A4E35B-245B-407E-BE7B-62D387427E77}.Debug|Any CPU.Build.0 = Debug|Any CPU
		{E6A4E35B-245B-407E-BE7B-62D387427E77}.Release|Any CPU.ActiveCfg = Release|Any CPU
		{E6A4E35B-245B-407E-BE7B-62D387427E77}.Release|Any CPU.Build.0 = Release|Any CPU
		{2C7CDEA0-AEFE-4A35-AB29-EFDF54424BBE}.Debug|Any CPU.ActiveCfg = Debug|Any CPU
		{2C7CDEA0-AEFE-4A35-AB29-EFDF54424BBE}.Debug|Any CPU.Build.0 = Debug|Any CPU
		{2C7CDEA0-AEFE-4A35-AB29-EFDF54424BBE}.Release|Any CPU.ActiveCfg = Release|Any CPU
		{2C7CDEA0-AEFE-4A35-AB29-EFDF54424BBE}.Release|Any CPU.Build.0 = Release|Any CPU
		{DC3C062C-7536-4F98-8EF9-BB74AD87FEC5}.Debug|Any CPU.ActiveCfg = Debug|Any CPU
		{DC3C062C-7536-4F98-8EF9-BB74AD87FEC5}.Debug|Any CPU.Build.0 = Debug|Any CPU
		{DC3C062C-7536-4F98-8EF9-BB74AD87FEC5}.Release|Any CPU.ActiveCfg = Release|Any CPU
		{DC3C062C-7536-4F98-8EF9-BB74AD87FEC5}.Release|Any CPU.Build.0 = Release|Any CPU
		{9638E847-63A4-478A-8633-9406838BA012}.Debug|Any CPU.ActiveCfg = Debug|Any CPU
		{9638E847-63A4-478A-8633-9406838BA012}.Debug|Any CPU.Build.0 = Debug|Any CPU
		{9638E847-63A4-478A-8633-9406838BA012}.Release|Any CPU.ActiveCfg = Release|Any CPU
		{9638E847-63A4-478A-8633-9406838BA012}.Release|Any CPU.Build.0 = Release|Any CPU
		{CA216EC3-AA93-4F7C-8450-2593C58FB4F8}.Debug|Any CPU.ActiveCfg = Debug|Any CPU
		{CA216EC3-AA93-4F7C-8450-2593C58FB4F8}.Debug|Any CPU.Build.0 = Debug|Any CPU
		{CA216EC3-AA93-4F7C-8450-2593C58FB4F8}.Release|Any CPU.ActiveCfg = Release|Any CPU
		{CA216EC3-AA93-4F7C-8450-2593C58FB4F8}.Release|Any CPU.Build.0 = Release|Any CPU
	EndGlobalSection
	GlobalSection(SolutionProperties) = preSolution
		HideSolutionNode = FALSE
	EndGlobalSection
	GlobalSection(ExtensibilityGlobals) = postSolution
		SolutionGuid = {CFE80311-F7F4-44D9-A8C5-B762AB064334}
	EndGlobalSection
EndGlobal
